
Microsoft Visual Studio Solution File, Format Version 12.00
# Visual Studio 15
VisualStudioVersion = 15.0.27703.2035
MinimumVisualStudioVersion = 10.0.40219.1
Project("{2150E333-8FDC-42A3-9474-1A3956D46DE8}") = "Domain", "Domain", "{2F6A9A51-3EBE-4D34-A37E-A837014E78B2}"
EndProject
Project("{2150E333-8FDC-42A3-9474-1A3956D46DE8}") = "Infrastructure", "Infrastructure", "{88FAAAC9-83E3-4403-8725-18259695534A}"
EndProject
Project("{2150E333-8FDC-42A3-9474-1A3956D46DE8}") = "src", "src", "{B8ED09D7-1F76-4272-B25B-2BF89637F008}"
EndProject
Project("{2150E333-8FDC-42A3-9474-1A3956D46DE8}") = "tests", "tests", "{8DF8432B-0728-46AD-BF0E-2AB3EE8BD931}"
EndProject
Project("{FAE04EC0-301F-11D3-BF4B-00C04F79EFBC}") = "Ca.Infrastructure.Data", "src\Infrastructure\Ca.Infrastructure.Data\Ca.Infrastructure.Data.csproj", "{ADF4EB3A-8C81-433B-BE8F-7C9799C9FDC3}"
EndProject
Project("{2150E333-8FDC-42A3-9474-1A3956D46DE8}") = "Presentation", "Presentation", "{AF6955F6-C3AA-4973-A0A5-8B7D17853A07}"
EndProject
Project("{FAE04EC0-301F-11D3-BF4B-00C04F79EFBC}") = "Ca.Domain.Entities", "src\Domain\Ca.Domain.Entities\Ca.Domain.Entities.csproj", "{D845E0F9-F7E8-4AE4-8617-FF4BCE020911}"
EndProject
Project("{FAE04EC0-301F-11D3-BF4B-00C04F79EFBC}") = "Ca.Domain.Interfaces", "src\Domain\Ca.Domain.Interfaces\Ca.Domain.Interfaces.csproj", "{C46392CE-3F13-4655-B8A9-67ECDAAA3ACF}"
EndProject
Project("{2150E333-8FDC-42A3-9474-1A3956D46DE8}") = "Service", "Service", "{3C704D5D-D578-4460-ACCB-AE1B464BB97D}"
EndProject
Project("{FAE04EC0-301F-11D3-BF4B-00C04F79EFBC}") = "Ca.Service.Dto", "src\Service\Ca.Service.Dto\Ca.Service.Dto.csproj", "{32433E8A-776E-4DCC-BC5F-197D1B646BAE}"
EndProject
Project("{FAE04EC0-301F-11D3-BF4B-00C04F79EFBC}") = "Ca.Service.Interfaces", "src\Service\Ca.Service.Interfaces\Ca.Service.Interfaces.csproj", "{BE623995-1969-4F15-B938-CCDA63E37644}"
EndProject
Project("{FAE04EC0-301F-11D3-BF4B-00C04F79EFBC}") = "Ca.Service.Implementations", "src\Service\Ca.Service.Implementations\Ca.Service.Implementations.csproj", "{C1BCAA5B-BE67-4548-8BED-F198936A452E}"
EndProject
Project("{FAE04EC0-301F-11D3-BF4B-00C04F79EFBC}") = "Ca.Tests.Services", "tests\Ca.Tests.Services\Ca.Tests.Services.csproj", "{1065C6E2-C338-4488-9946-F9E4F48ACA9B}"
EndProject
Project("{FAE04EC0-301F-11D3-BF4B-00C04F79EFBC}") = "Ca.Presentation.Web", "src\Presentation\Ca.Presentation.Web\Ca.Presentation.Web.csproj", "{3301ECF3-51C7-467D-A65C-968DBC492DF6}"
EndProject
Global
	GlobalSection(SolutionConfigurationPlatforms) = preSolution
		Debug|Any CPU = Debug|Any CPU
		Release|Any CPU = Release|Any CPU
	EndGlobalSection
	GlobalSection(ProjectConfigurationPlatforms) = postSolution
		{ADF4EB3A-8C81-433B-BE8F-7C9799C9FDC3}.Debug|Any CPU.ActiveCfg = Debug|Any CPU
		{ADF4EB3A-8C81-433B-BE8F-7C9799C9FDC3}.Debug|Any CPU.Build.0 = Debug|Any CPU
		{ADF4EB3A-8C81-433B-BE8F-7C9799C9FDC3}.Release|Any CPU.ActiveCfg = Release|Any CPU
		{ADF4EB3A-8C81-433B-BE8F-7C9799C9FDC3}.Release|Any CPU.Build.0 = Release|Any CPU
		{D845E0F9-F7E8-4AE4-8617-FF4BCE020911}.Debug|Any CPU.ActiveCfg = Debug|Any CPU
		{D845E0F9-F7E8-4AE4-8617-FF4BCE020911}.Debug|Any CPU.Build.0 = Debug|Any CPU
		{D845E0F9-F7E8-4AE4-8617-FF4BCE020911}.Release|Any CPU.ActiveCfg = Release|Any CPU
		{D845E0F9-F7E8-4AE4-8617-FF4BCE020911}.Release|Any CPU.Build.0 = Release|Any CPU
		{C46392CE-3F13-4655-B8A9-67ECDAAA3ACF}.Debug|Any CPU.ActiveCfg = Debug|Any CPU
		{C46392CE-3F13-4655-B8A9-67ECDAAA3ACF}.Debug|Any CPU.Build.0 = Debug|Any CPU
		{C46392CE-3F13-4655-B8A9-67ECDAAA3ACF}.Release|Any CPU.ActiveCfg = Release|Any CPU
		{C46392CE-3F13-4655-B8A9-67ECDAAA3ACF}.Release|Any CPU.Build.0 = Release|Any CPU
		{32433E8A-776E-4DCC-BC5F-197D1B646BAE}.Debug|Any CPU.ActiveCfg = Debug|Any CPU
		{32433E8A-776E-4DCC-BC5F-197D1B646BAE}.Debug|Any CPU.Build.0 = Debug|Any CPU
		{32433E8A-776E-4DCC-BC5F-197D1B646BAE}.Release|Any CPU.ActiveCfg = Release|Any CPU
		{32433E8A-776E-4DCC-BC5F-197D1B646BAE}.Release|Any CPU.Build.0 = Release|Any CPU
		{BE623995-1969-4F15-B938-CCDA63E37644}.Debug|Any CPU.ActiveCfg = Debug|Any CPU
		{BE623995-1969-4F15-B938-CCDA63E37644}.Debug|Any CPU.Build.0 = Debug|Any CPU
		{BE623995-1969-4F15-B938-CCDA63E37644}.Release|Any CPU.ActiveCfg = Release|Any CPU
		{BE623995-1969-4F15-B938-CCDA63E37644}.Release|Any CPU.Build.0 = Release|Any CPU
		{C1BCAA5B-BE67-4548-8BED-F198936A452E}.Debug|Any CPU.ActiveCfg = Debug|Any CPU
		{C1BCAA5B-BE67-4548-8BED-F198936A452E}.Debug|Any CPU.Build.0 = Debug|Any CPU
		{C1BCAA5B-BE67-4548-8BED-F198936A452E}.Release|Any CPU.ActiveCfg = Release|Any CPU
		{C1BCAA5B-BE67-4548-8BED-F198936A452E}.Release|Any CPU.Build.0 = Release|Any CPU
		{1065C6E2-C338-4488-9946-F9E4F48ACA9B}.Debug|Any CPU.ActiveCfg = Debug|Any CPU
		{1065C6E2-C338-4488-9946-F9E4F48ACA9B}.Debug|Any CPU.Build.0 = Debug|Any CPU
		{1065C6E2-C338-4488-9946-F9E4F48ACA9B}.Release|Any CPU.ActiveCfg = Release|Any CPU
		{1065C6E2-C338-4488-9946-F9E4F48ACA9B}.Release|Any CPU.Build.0 = Release|Any CPU
		{3301ECF3-51C7-467D-A65C-968DBC492DF6}.Debug|Any CPU.ActiveCfg = Debug|Any CPU
		{3301ECF3-51C7-467D-A65C-968DBC492DF6}.Debug|Any CPU.Build.0 = Debug|Any CPU
		{3301ECF3-51C7-467D-A65C-968DBC492DF6}.Release|Any CPU.ActiveCfg = Release|Any CPU
		{3301ECF3-51C7-467D-A65C-968DBC492DF6}.Release|Any CPU.Build.0 = Release|Any CPU
	EndGlobalSection
	GlobalSection(SolutionProperties) = preSolution
		HideSolutionNode = FALSE
	EndGlobalSection
	GlobalSection(NestedProjects) = preSolution
		{2F6A9A51-3EBE-4D34-A37E-A837014E78B2} = {B8ED09D7-1F76-4272-B25B-2BF89637F008}
		{88FAAAC9-83E3-4403-8725-18259695534A} = {B8ED09D7-1F76-4272-B25B-2BF89637F008}
		{ADF4EB3A-8C81-433B-BE8F-7C9799C9FDC3} = {88FAAAC9-83E3-4403-8725-18259695534A}
		{AF6955F6-C3AA-4973-A0A5-8B7D17853A07} = {B8ED09D7-1F76-4272-B25B-2BF89637F008}
		{D845E0F9-F7E8-4AE4-8617-FF4BCE020911} = {2F6A9A51-3EBE-4D34-A37E-A837014E78B2}
		{C46392CE-3F13-4655-B8A9-67ECDAAA3ACF} = {2F6A9A51-3EBE-4D34-A37E-A837014E78B2}
		{3C704D5D-D578-4460-ACCB-AE1B464BB97D} = {B8ED09D7-1F76-4272-B25B-2BF89637F008}
		{32433E8A-776E-4DCC-BC5F-197D1B646BAE} = {3C704D5D-D578-4460-ACCB-AE1B464BB97D}
		{BE623995-1969-4F15-B938-CCDA63E37644} = {3C704D5D-D578-4460-ACCB-AE1B464BB97D}
		{C1BCAA5B-BE67-4548-8BED-F198936A452E} = {3C704D5D-D578-4460-ACCB-AE1B464BB97D}
		{1065C6E2-C338-4488-9946-F9E4F48ACA9B} = {8DF8432B-0728-46AD-BF0E-2AB3EE8BD931}
		{3301ECF3-51C7-467D-A65C-968DBC492DF6} = {AF6955F6-C3AA-4973-A0A5-8B7D17853A07}
	EndGlobalSection
	GlobalSection(ExtensibilityGlobals) = postSolution
		SolutionGuid = {F3B7D6EF-C4F4-40EB-9D7E-B2AC81E48ECC}
	EndGlobalSection
EndGlobal
